
Microsoft Visual Studio Solution File, Format Version 12.00
# Visual Studio Version 17
VisualStudioVersion = 17.11.35303.130
MinimumVisualStudioVersion = 10.0.40219.1
Project("{FAE04EC0-301F-11D3-BF4B-00C04F79EFBC}") = "(Zannat&Mirza)_Lab3", "(Zannat&Mirza)_Lab3\(Zannat&Mirza)_Lab3.csproj", "{71BF8F59-1320-48FC-8CC1-279F126A6430}"
EndProject
Global
	GlobalSection(SolutionConfigurationPlatforms) = preSolution
		Debug|Any CPU = Debug|Any CPU
		Release|Any CPU = Release|Any CPU
	EndGlobalSection
	GlobalSection(ProjectConfigurationPlatforms) = postSolution
		{71BF8F59-1320-48FC-8CC1-279F126A6430}.Debug|Any CPU.ActiveCfg = Debug|Any CPU
		{71BF8F59-1320-48FC-8CC1-279F126A6430}.Debug|Any CPU.Build.0 = Debug|Any CPU
		{71BF8F59-1320-48FC-8CC1-279F126A6430}.Release|Any CPU.ActiveCfg = Release|Any CPU
		{71BF8F59-1320-48FC-8CC1-279F126A6430}.Release|Any CPU.Build.0 = Release|Any CPU
	EndGlobalSection
	GlobalSection(SolutionProperties) = preSolution
		HideSolutionNode = FALSE
	EndGlobalSection
	GlobalSection(ExtensibilityGlobals) = postSolution
		SolutionGuid = {DE4F5ABF-6999-436F-AE70-EE08215CBF7A}
	EndGlobalSection
EndGlobal
